// !$*UTF8*$!
{
	archiveVersion = 1;
	classes = {
	};
	objectVersion = 77;
	objects = {

/* Begin PBXBuildFile section */
		EEDCFC1130433E2A00C85C9A /* Apollo in Frameworks */ = {isa = PBXBuildFile; productRef = EEDCFC1030433E2A00C85C9A /* Apollo */; };
		EEDCFC1330433E3000C85C9A /* ApolloAPI in Frameworks */ = {isa = PBXBuildFile; productRef = EEDCFC1230433E3000C85C9A /* ApolloAPI */; };
/* End PBXBuildFile section */

/* Begin PBXContainerItemProxy section */
		EE08E73B30430D2F00D7001B /* PBXContainerItemProxy */ = {
			isa = PBXContainerItemProxy;
			containerPortal = EE08E72330430D2D00D7001B /* Project object */;
			proxyType = 1;
			remoteGlobalIDString = EE08E72A30430D2D00D7001B;
			remoteInfo = GraphQL_Apollo_Demo;
		};
		EE08E74530430D2F00D7001B /* PBXContainerItemProxy */ = {
			isa = PBXContainerItemProxy;
			containerPortal = EE08E72330430D2D00D7001B /* Project object */;
			proxyType = 1;
			remoteGlobalIDString = EE08E72A30430D2D00D7001B;
			remoteInfo = GraphQL_Apollo_Demo;
		};
/* End PBXContainerItemProxy section */

/* Begin PBXFileReference section */
		EE08E72B30430D2D00D7001B /* GraphQL_Apollo_Demo.app */ = {isa = PBXFileReference; explicitFileType = wrapper.application; includeInIndex = 0; path = GraphQL_Apollo_Demo.app; sourceTree = BUILT_PRODUCTS_DIR; };
		EE08E73A30430D2F00D7001B /* GraphQL_Apollo_DemoTests.xctest */ = {isa = PBXFileReference; explicitFileType = wrapper.cfbundle; includeInIndex = 0; path = GraphQL_Apollo_DemoTests.xctest; sourceTree = BUILT_PRODUCTS_DIR; };
		EE08E74430430D2F00D7001B /* GraphQL_Apollo_DemoUITests.xctest */ = {isa = PBXFileReference; explicitFileType = wrapper.cfbundle; includeInIndex = 0; path = GraphQL_Apollo_DemoUITests.xctest; sourceTree = BUILT_PRODUCTS_DIR; };
/* End PBXFileReference section */

/* Begin PBXFileSystemSynchronizedRootGroup section */
		EE08E72D30430D2D00D7001B /* GraphQL_Apollo_Demo */ = {
			isa = PBXFileSystemSynchronizedRootGroup;
			path = GraphQL_Apollo_Demo;
			sourceTree = "<group>";
		};
		EE08E73D30430D2F00D7001B /* GraphQL_Apollo_DemoTests */ = {
			isa = PBXFileSystemSynchronizedRootGroup;
			path = GraphQL_Apollo_DemoTests;
			sourceTree = "<group>";
		};
		EE08E74730430D2F00D7001B /* GraphQL_Apollo_DemoUITests */ = {
			isa = PBXFileSystemSynchronizedRootGroup;
			path = GraphQL_Apollo_DemoUITests;
			sourceTree = "<group>";
		};
/* End PBXFileSystemSynchronizedRootGroup section */

/* Begin PBXFrameworksBuildPhase section */
		EE08E72830430D2D00D7001B /* Frameworks */ = {
			isa = PBXFrameworksBuildPhase;
			buildActionMask = 2147483647;
			files = (
				EEDCFC1330433E3000C85C9A /* ApolloAPI in Frameworks */,
				EEDCFC1130433E2A00C85C9A /* Apollo in Frameworks */,
			);
			runOnlyForDeploymentPostprocessing = 0;
		};
		EE08E73730430D2F00D7001B /* Frameworks */ = {
			isa = PBXFrameworksBuildPhase;
			buildActionMask = 2147483647;
			files = (
			);
			runOnlyForDeploymentPostprocessing = 0;
		};
		EE08E74130430D2F00D7001B /* Frameworks */ = {
			isa = PBXFrameworksBuildPhase;
			buildActionMask = 2147483647;
			files = (
			);
			runOnlyForDeploymentPostprocessing = 0;
		};
/* End PBXFrameworksBuildPhase section */

/* Begin PBXGroup section */
		EE08E72230430D2D00D7001B = {
			isa = PBXGroup;
			children = (
				EE08E72D30430D2D00D7001B /* GraphQL_Apollo_Demo */,
				EE08E73D30430D2F00D7001B /* GraphQL_Apollo_DemoTests */,
				EE08E74730430D2F00D7001B /* GraphQL_Apollo_DemoUITests */,
				EEDCFC0F30433E2A00C85C9A /* Frameworks */,
				EE08E72C30430D2D00D7001B /* Products */,
			);
			sourceTree = "<group>";
		};
		EE08E72C30430D2D00D7001B /* Products */ = {
			isa = PBXGroup;
			children = (
				EE08E72B30430D2D00D7001B /* GraphQL_Apollo_Demo.app */,
				EE08E73A30430D2F00D7001B /* GraphQL_Apollo_DemoTests.xctest */,
				EE08E74430430D2F00D7001B /* GraphQL_Apollo_DemoUITests.xctest */,
			);
			name = Products;
			sourceTree = "<group>";
		};
		EEDCFC0F30433E2A00C85C9A /* Frameworks */ = {
			isa = PBXGroup;
			children = (
			);
			name = Frameworks;
			sourceTree = "<group>";
		};
/* End PBXGroup section */

/* Begin PBXNativeTarget section */
		EE08E72A30430D2D00D7001B /* GraphQL_Apollo_Demo */ = {
			isa = PBXNativeTarget;
			buildConfigurationList = EE08E74E30430D2F00D7001B /* Build configuration list for PBXNativeTarget "GraphQL_Apollo_Demo" */;
			buildPhases = (
				EE08E72730430D2D00D7001B /* Sources */,
				EE08E72830430D2D00D7001B /* Frameworks */,
				EE08E72930430D2D00D7001B /* Resources */,
			);
			buildRules = (
			);
			dependencies = (
			);
			fileSystemSynchronizedGroups = (
				EE08E72D30430D2D00D7001B /* GraphQL_Apollo_Demo */,
			);
			name = GraphQL_Apollo_Demo;
			packageProductDependencies = (
				EEDCFC1030433E2A00C85C9A /* Apollo */,
				EEDCFC1230433E3000C85C9A /* ApolloAPI */,
			);
			productName = GraphQL_Apollo_Demo;
			productReference = EE08E72B30430D2D00D7001B /* GraphQL_Apollo_Demo.app */;
			productType = "com.apple.product-type.application";
		};
		EE08E73930430D2F00D7001B /* GraphQL_Apollo_DemoTests */ = {
			isa = PBXNativeTarget;
			buildConfigurationList = EE08E75130430D2F00D7001B /* Build configuration list for PBXNativeTarget "GraphQL_Apollo_DemoTests" */;
			buildPhases = (
				EE08E73630430D2F00D7001B /* Sources */,
				EE08E73730430D2F00D7001B /* Frameworks */,
				EE08E73830430D2F00D7001B /* Resources */,
			);
			buildRules = (
			);
			dependencies = (
				EE08E73C30430D2F00D7001B /* PBXTargetDependency */,
			);
			fileSystemSynchronizedGroups = (
				EE08E73D30430D2F00D7001B /* GraphQL_Apollo_DemoTests */,
			);
			name = GraphQL_Apollo_DemoTests;
			packageProductDependencies = (
			);
			productName = GraphQL_Apollo_DemoTests;
			productReference = EE08E73A30430D2F00D7001B /* GraphQL_Apollo_DemoTests.xctest */;
			productType = "com.apple.product-type.bundle.unit-test";
		};
		EE08E74330430D2F00D7001B /* GraphQL_Apollo_DemoUITests */ = {
			isa = PBXNativeTarget;
			buildConfigurationList = EE08E75430430D2F00D7001B /* Build configuration list for PBXNativeTarget "GraphQL_Apollo_DemoUITests" */;
			buildPhases = (
				EE08E74030430D2F00D7001B /* Sources */,
				EE08E74130430D2F00D7001B /* Frameworks */,
				EE08E74230430D2F00D7001B /* Resources */,
			);
			buildRules = (
			);
			dependencies = (
				EE08E74630430D2F00D7001B /* PBXTargetDependency */,
			);
			fileSystemSynchronizedGroups = (
				EE08E74730430D2F00D7001B /* GraphQL_Apollo_DemoUITests */,
			);
			name = GraphQL_Apollo_DemoUITests;
			packageProductDependencies = (
			);
			productName = GraphQL_Apollo_DemoUITests;
			productReference = EE08E74430430D2F00D7001B /* GraphQL_Apollo_DemoUITests.xctest */;
			productType = "com.apple.product-type.bundle.ui-testing";
		};
/* End PBXNativeTarget section */

/* Begin PBXProject section */
		EE08E72330430D2D00D7001B /* Project object */ = {
			isa = PBXProject;
			attributes = {
				BuildIndependentTargetsInParallel = 1;
				LastSwiftUpdateCheck = 2660;
				LastUpgradeCheck = 2660;
				TargetAttributes = {
					EE08E72A30430D2D00D7001B = {
						CreatedOnToolsVersion = 26.6;
					};
					EE08E73930430D2F00D7001B = {
						CreatedOnToolsVersion = 26.6;
						TestTargetID = EE08E72A30430D2D00D7001B;
					};
					EE08E74330430D2F00D7001B = {
						CreatedOnToolsVersion = 26.6;
						TestTargetID = EE08E72A30430D2D00D7001B;
					};
				};
			};
			buildConfigurationList = EE08E72630430D2D00D7001B /* Build configuration list for PBXProject "GraphQL_Apollo_Demo" */;
			developmentRegion = en;
			hasScannedForEncodings = 0;
			knownRegions = (
				en,
				Base,
			);
			mainGroup = EE08E72230430D2D00D7001B;
			minimizedProjectReferenceProxies = 1;
			packageReferences = (
				EEDCFB8B304311F000C85C9A /* XCRemoteSwiftPackageReference "apollo-ios" */,
			);
			preferredProjectObjectVersion = 77;
			productRefGroup = EE08E72C30430D2D00D7001B /* Products */;
			projectDirPath = "";
			projectRoot = "";
			targets = (
				EE08E72A30430D2D00D7001B /* GraphQL_Apollo_Demo */,
				EE08E73930430D2F00D7001B /* GraphQL_Apollo_DemoTests */,
				EE08E74330430D2F00D7001B /* GraphQL_Apollo_DemoUITests */,
			);
		};
/* End PBXProject section */

/* Begin PBXResourcesBuildPhase section */
		EE08E72930430D2D00D7001B /* Resources */ = {
			isa = PBXResourcesBuildPhase;
			buildActionMask = 2147483647;
			files = (
			);
			runOnlyForDeploymentPostprocessing = 0;
		};
		EE08E73830430D2F00D7001B /* Resources */ = {
			isa = PBXResourcesBuildPhase;
			buildActionMask = 2147483647;
			files = (
			);
			runOnlyForDeploymentPostprocessing = 0;
		};
		EE08E74230430D2F00D7001B /* Resources */ = {
			isa = PBXResourcesBuildPhase;
			buildActionMask = 2147483647;
			files = (
			);
			runOnlyForDeploymentPostprocessing = 0;
		};
/* End PBXResourcesBuildPhase section */

/* Begin PBXSourcesBuildPhase section */
		EE08E72730430D2D00D7001B /* Sources */ = {
			isa = PBXSourcesBuildPhase;
			buildActionMask = 2147483647;
			files = (
			);
			runOnlyForDeploymentPostprocessing = 0;
		};
		EE08E73630430D2F00D7001B /* Sources */ = {
			isa = PBXSourcesBuildPhase;
			buildActionMask = 2147483647;
			files = (
			);
			runOnlyForDeploymentPostprocessing = 0;
		};
		EE08E74030430D2F00D7001B /* Sources */ = {
			isa = PBXSourcesBuildPhase;
			buildActionMask = 2147483647;
			files = (
			);
			runOnlyForDeploymentPostprocessing = 0;
		};
/* End PBXSourcesBuildPhase section */

/* Begin PBXTargetDependency section */
		EE08E73C30430D2F00D7001B /* PBXTargetDependency */ = {
			isa = PBXTargetDependency;
			target = EE08E72A30430D2D00D7001B /* GraphQL_Apollo_Demo */;
			targetProxy = EE08E73B30430D2F00D7001B /* PBXContainerItemProxy */;
		};
		EE08E74630430D2F00D7001B /* PBXTargetDependency */ = {
			isa = PBXTargetDependency;
			target = EE08E72A30430D2D00D7001B /* GraphQL_Apollo_Demo */;
			targetProxy = EE08E74530430D2F00D7001B /* PBXContainerItemProxy */;
		};
/* End PBXTargetDependency section */

/* Begin XCBuildConfiguration section */
		EE08E74C30430D2F00D7001B /* Debug */ = {
			isa = XCBuildConfiguration;
			buildSettings = {
				ALWAYS_SEARCH_USER_PATHS = NO;
				ASSETCATALOG_COMPILER_GENERATE_SWIFT_ASSET_SYMBOL_EXTENSIONS = YES;
				CLANG_ANALYZER_NONNULL = YES;
				CLANG_ANALYZER_NUMBER_OBJECT_CONVERSION = YES_AGGRESSIVE;
				CLANG_CXX_LANGUAGE_STANDARD = "gnu++20";
				CLANG_ENABLE_MODULES = YES;
				CLANG_ENABLE_OBJC_ARC = YES;
				CLANG_ENABLE_OBJC_WEAK = YES;
				CLANG_WARN_BLOCK_CAPTURE_AUTORELEASING = YES;
				CLANG_WARN_BOOL_CONVERSION = YES;
				CLANG_WARN_COMMA = YES;
				CLANG_WARN_CONSTANT_CONVERSION = YES;
				CLANG_WARN_DEPRECATED_OBJC_IMPLEMENTATIONS = YES;
				CLANG_WARN_DIRECT_OBJC_ISA_USAGE = YES_ERROR;
				CLANG_WARN_DOCUMENTATION_COMMENTS = YES;
				CLANG_WARN_EMPTY_BODY = YES;
				CLANG_WARN_ENUM_CONVERSION = YES;
				CLANG_WARN_INFINITE_RECURSION = YES;
				CLANG_WARN_INT_CONVERSION = YES;
				CLANG_WARN_NON_LITERAL_NULL_CONVERSION = YES;
				CLANG_WARN_OBJC_IMPLICIT_RETAIN_SELF = YES;
				CLANG_WARN_OBJC_LITERAL_CONVERSION = YES;
				CLANG_WARN_OBJC_ROOT_CLASS = YES_ERROR;
				CLANG_WARN_QUOTED_INCLUDE_IN_FRAMEWORK_HEADER = YES;
				CLANG_WARN_RANGE_LOOP_ANALYSIS = YES;
				CLANG_WARN_STRICT_PROTOTYPES = YES;
				CLANG_WARN_SUSPICIOUS_MOVE = YES;
				CLANG_WARN_UNGUARDED_AVAILABILITY = YES_AGGRESSIVE;
				CLANG_WARN_UNREACHABLE_CODE = YES;
				CLANG_WARN__DUPLICATE_METHOD_MATCH = YES;
				COPY_PHASE_STRIP = NO;
				DEBUG_INFORMATION_FORMAT = dwarf;
				DEVELOPMENT_TEAM = F44YV7J4B6;
				ENABLE_STRICT_OBJC_MSGSEND = YES;
				ENABLE_TESTABILITY = YES;
				ENABLE_USER_SCRIPT_SANDBOXING = YES;
				GCC_C_LANGUAGE_STANDARD = gnu17;
				GCC_DYNAMIC_NO_PIC = NO;
				GCC_NO_COMMON_BLOCKS = YES;
				GCC_OPTIMIZATION_LEVEL = 0;
				GCC_PREPROCESSOR_DEFINITIONS = (
					"DEBUG=1",
					"$(inherited)",
				);
				GCC_WARN_64_TO_32_BIT_CONVERSION = YES;
				GCC_WARN_ABOUT_RETURN_TYPE = YES_ERROR;
				GCC_WARN_UNDECLARED_SELECTOR = YES;
				GCC_WARN_UNINITIALIZED_AUTOS = YES_AGGRESSIVE;
				GCC_WARN_UNUSED_FUNCTION = YES;
				GCC_WARN_UNUSED_VARIABLE = YES;
				IPHONEOS_DEPLOYMENT_TARGET = 26.5;
				LOCALIZATION_PREFERS_STRING_CATALOGS = YES;
				MTL_ENABLE_DEBUG_INFO = INCLUDE_SOURCE;
				MTL_FAST_MATH = YES;
				ONLY_ACTIVE_ARCH = YES;
				SDKROOT = iphoneos;
				SWIFT_ACTIVE_COMPILATION_CONDITIONS = "DEBUG $(inherited)";
				SWIFT_OPTIMIZATION_LEVEL = "-Onone";
			};
			name = Debug;
		};
		EE08E74D30430D2F00D7001B /* Release */ = {
			isa = XCBuildConfiguration;
			buildSettings = {
				ALWAYS_SEARCH_USER_PATHS = NO;
				ASSETCATALOG_COMPILER_GENERATE_SWIFT_ASSET_SYMBOL_EXTENSIONS = YES;
				CLANG_ANALYZER_NONNULL = YES;
				CLANG_ANALYZER_NUMBER_OBJECT_CONVERSION = YES_AGGRESSIVE;
				CLANG_CXX_LANGUAGE_STANDARD = "gnu++20";
				CLANG_ENABLE_MODULES = YES;
				CLANG_ENABLE_OBJC_ARC = YES;
				CLANG_ENABLE_OBJC_WEAK = YES;
				CLANG_WARN_BLOCK_CAPTURE_AUTORELEASING = YES;
				CLANG_WARN_BOOL_CONVERSION = YES;
				CLANG_WARN_COMMA = YES;
				CLANG_WARN_CONSTANT_CONVERSION = YES;
				CLANG_WARN_DEPRECATED_OBJC_IMPLEMENTATIONS = YES;
				CLANG_WARN_DIRECT_OBJC_ISA_USAGE = YES_ERROR;
				CLANG_WARN_DOCUMENTATION_COMMENTS = YES;
				CLANG_WARN_EMPTY_BODY = YES;
				CLANG_WARN_ENUM_CONVERSION = YES;
				CLANG_WARN_INFINITE_RECURSION = YES;
				CLANG_WARN_INT_CONVERSION = YES;
				CLANG_WARN_NON_LITERAL_NULL_CONVERSION = YES;
				CLANG_WARN_OBJC_IMPLICIT_RETAIN_SELF = YES;
				CLANG_WARN_OBJC_LITERAL_CONVERSION = YES;
				CLANG_WARN_OBJC_ROOT_CLASS = YES_ERROR;
				CLANG_WARN_QUOTED_INCLUDE_IN_FRAMEWORK_HEADER = YES;
				CLANG_WARN_RANGE_LOOP_ANALYSIS = YES;
				CLANG_WARN_STRICT_PROTOTYPES = YES;
				CLANG_WARN_SUSPICIOUS_MOVE = YES;
				CLANG_WARN_UNGUARDED_AVAILABILITY = YES_AGGRESSIVE;
				CLANG_WARN_UNREACHABLE_CODE = YES;
				CLANG_WARN__DUPLICATE_METHOD_MATCH = YES;
				COPY_PHASE_STRIP = NO;
				DEBUG_INFORMATION_FORMAT = "dwarf-with-dsym";
				DEVELOPMENT_TEAM = F44YV7J4B6;
				ENABLE_NS_ASSERTIONS = NO;
				ENABLE_STRICT_OBJC_MSGSEND = YES;
				ENABLE_USER_SCRIPT_SANDBOXING = YES;
				GCC_C_LANGUAGE_STANDARD = gnu17;
				GCC_NO_COMMON_BLOCKS = YES;
				GCC_WARN_64_TO_32_BIT_CONVERSION = YES;
				GCC_WARN_ABOUT_RETURN_TYPE = YES_ERROR;
				GCC_WARN_UNDECLARED_SELECTOR = YES;
				GCC_WARN_UNINITIALIZED_AUTOS = YES_AGGRESSIVE;
				GCC_WARN_UNUSED_FUNCTION = YES;
				GCC_WARN_UNUSED_VARIABLE = YES;
				IPHONEOS_DEPLOYMENT_TARGET = 26.5;
				LOCALIZATION_PREFERS_STRING_CATALOGS = YES;
				MTL_ENABLE_DEBUG_INFO = NO;
				MTL_FAST_MATH = YES;
				SDKROOT = iphoneos;
				SWIFT_COMPILATION_MODE = wholemodule;
				VALIDATE_PRODUCT = YES;
			};
			name = Release;
		};
		EE08E74F30430D2F00D7001B /* Debug */ = {
			isa = XCBuildConfiguration;
			buildSettings = {
				ASSETCATALOG_COMPILER_APPICON_NAME = AppIcon;
				ASSETCATALOG_COMPILER_GLOBAL_ACCENT_COLOR_NAME = AccentColor;
				CODE_SIGN_STYLE = Automatic;
				CURRENT_PROJECT_VERSION = 1;
				DEVELOPMENT_TEAM = F44YV7J4B6;
				ENABLE_PREVIEWS = YES;
				GENERATE_INFOPLIST_FILE = YES;
				INFOPLIST_KEY_UIApplicationSceneManifest_Generation = YES;
				INFOPLIST_KEY_UIApplicationSupportsIndirectInputEvents = YES;
				INFOPLIST_KEY_UILaunchScreen_Generation = YES;
				INFOPLIST_KEY_UISupportedInterfaceOrientations = UIInterfaceOrientationPortrait;
				INFOPLIST_KEY_UISupportedInterfaceOrientations_iPad = "UIInterfaceOrientationLandscapeLeft UIInterfaceOrientationLandscapeRight UIInterfaceOrientationPortrait UIInterfaceOrientationPortraitUpsideDown";
				IPHONEOS_DEPLOYMENT_TARGET = 17.0;
				LD_RUNPATH_SEARCH_PATHS = (
					"$(inherited)",
					"@executable_path/Frameworks",
				);
				MARKETING_VERSION = 1.0;
				PRODUCT_BUNDLE_IDENTIFIER = "com.punit.GraphQL-Apollo-Demo";
				PRODUCT_NAME = "$(TARGET_NAME)";
				STRING_CATALOG_GENERATE_SYMBOLS = YES;
				SWIFT_APPROACHABLE_CONCURRENCY = YES;
				SWIFT_DEFAULT_ACTOR_ISOLATION = MainActor;
				SWIFT_EMIT_LOC_STRINGS = YES;
				SWIFT_UPCOMING_FEATURE_MEMBER_IMPORT_VISIBILITY = YES;
				SWIFT_VERSION = 5.0;
				TARGETED_DEVICE_FAMILY = "1,2";
			};
			name = Debug;
		};
		EE08E75030430D2F00D7001B /* Release */ = {
			isa = XCBuildConfiguration;
			buildSettings = {
				ASSETCATALOG_COMPILER_APPICON_NAME = AppIcon;
				ASSETCATALOG_COMPILER_GLOBAL_ACCENT_COLOR_NAME = AccentColor;
				CODE_SIGN_STYLE = Automatic;
				CURRENT_PROJECT_VERSION = 1;
				DEVELOPMENT_TEAM = F44YV7J4B6;
				ENABLE_PREVIEWS = YES;
				GENERATE_INFOPLIST_FILE = YES;
				INFOPLIST_KEY_UIApplicationSceneManifest_Generation = YES;
				INFOPLIST_KEY_UIApplicationSupportsIndirectInputEvents = YES;
				INFOPLIST_KEY_UILaunchScreen_Generation = YES;
				INFOPLIST_KEY_UISupportedInterfaceOrientations = UIInterfaceOrientationPortrait;
				INFOPLIST_KEY_UISupportedInterfaceOrientations_iPad = "UIInterfaceOrientationLandscapeLeft UIInterfaceOrientationLandscapeRight UIInterfaceOrientationPortrait UIInterfaceOrientationPortraitUpsideDown";
				IPHONEOS_DEPLOYMENT_TARGET = 17.0;
				LD_RUNPATH_SEARCH_PATHS = (
					"$(inherited)",
					"@executable_path/Frameworks",
				);
				MARKETING_VERSION = 1.0;
				PRODUCT_BUNDLE_IDENTIFIER = "com.punit.GraphQL-Apollo-Demo";
				PRODUCT_NAME = "$(TARGET_NAME)";
				STRING_CATALOG_GENERATE_SYMBOLS = YES;
				SWIFT_APPROACHABLE_CONCURRENCY = YES;
				SWIFT_DEFAULT_ACTOR_ISOLATION = MainActor;
				SWIFT_EMIT_LOC_STRINGS = YES;
				SWIFT_UPCOMING_FEATURE_MEMBER_IMPORT_VISIBILITY = YES;
				SWIFT_VERSION = 5.0;
				TARGETED_DEVICE_FAMILY = "1,2";
			};
			name = Release;
		};
		EE08E75230430D2F00D7001B /* Debug */ = {
			isa = XCBuildConfiguration;
			buildSettings = {
				BUNDLE_LOADER = "$(TEST_HOST)";
				CODE_SIGN_STYLE = Automatic;
				CURRENT_PROJECT_VERSION = 1;
				DEVELOPMENT_TEAM = F44YV7J4B6;
				GENERATE_INFOPLIST_FILE = YES;
				IPHONEOS_DEPLOYMENT_TARGET = 26.5;
				MARKETING_VERSION = 1.0;
				PRODUCT_BUNDLE_IDENTIFIER = "com.punit.GraphQL-Apollo-DemoTests";
				PRODUCT_NAME = "$(TARGET_NAME)";
				STRING_CATALOG_GENERATE_SYMBOLS = NO;
				SWIFT_APPROACHABLE_CONCURRENCY = YES;
				SWIFT_EMIT_LOC_STRINGS = NO;
				SWIFT_UPCOMING_FEATURE_MEMBER_IMPORT_VISIBILITY = YES;
				SWIFT_VERSION = 5.0;
				TARGETED_DEVICE_FAMILY = "1,2";
				TEST_HOST = "$(BUILT_PRODUCTS_DIR)/GraphQL_Apollo_Demo.app/$(BUNDLE_EXECUTABLE_FOLDER_PATH)/GraphQL_Apollo_Demo";
			};
			name = Debug;
		};
		EE08E75330430D2F00D7001B /* Release */ = {
			isa = XCBuildConfiguration;
			buildSettings = {
				BUNDLE_LOADER = "$(TEST_HOST)";
				CODE_SIGN_STYLE = Automatic;
				CURRENT_PROJECT_VERSION = 1;
				DEVELOPMENT_TEAM = F44YV7J4B6;
				GENERATE_INFOPLIST_FILE = YES;
				IPHONEOS_DEPLOYMENT_TARGET = 26.5;
				MARKETING_VERSION = 1.0;
				PRODUCT_BUNDLE_IDENTIFIER = "com.punit.GraphQL-Apollo-DemoTests";
				PRODUCT_NAME = "$(TARGET_NAME)";
				STRING_CATALOG_GENERATE_SYMBOLS = NO;
				SWIFT_APPROACHABLE_CONCURRENCY = YES;
				SWIFT_EMIT_LOC_STRINGS = NO;
				SWIFT_UPCOMING_FEATURE_MEMBER_IMPORT_VISIBILITY = YES;
				SWIFT_VERSION = 5.0;
				TARGETED_DEVICE_FAMILY = "1,2";
				TEST_HOST = "$(BUILT_PRODUCTS_DIR)/GraphQL_Apollo_Demo.app/$(BUNDLE_EXECUTABLE_FOLDER_PATH)/GraphQL_Apollo_Demo";
			};
			name = Release;
		};
		EE08E75530430D2F00D7001B /* Debug */ = {
			isa = XCBuildConfiguration;
			buildSettings = {
				CODE_SIGN_STYLE = Automatic;
				CURRENT_PROJECT_VERSION = 1;
				DEVELOPMENT_TEAM = F44YV7J4B6;
				GENERATE_INFOPLIST_FILE = YES;
				MARKETING_VERSION = 1.0;
				PRODUCT_BUNDLE_IDENTIFIER = "com.punit.GraphQL-Apollo-DemoUITests";
				PRODUCT_NAME = "$(TARGET_NAME)";
				STRING_CATALOG_GENERATE_SYMBOLS = NO;
				SWIFT_APPROACHABLE_CONCURRENCY = YES;
				SWIFT_EMIT_LOC_STRINGS = NO;
				SWIFT_UPCOMING_FEATURE_MEMBER_IMPORT_VISIBILITY = YES;
				SWIFT_VERSION = 5.0;
				TARGETED_DEVICE_FAMILY = "1,2";
				TEST_TARGET_NAME = GraphQL_Apollo_Demo;
			};
			name = Debug;
		};
		EE08E75630430D2F00D7001B /* Release */ = {
			isa = XCBuildConfiguration;
			buildSettings = {
				CODE_SIGN_STYLE = Automatic;
				CURRENT_PROJECT_VERSION = 1;
				DEVELOPMENT_TEAM = F44YV7J4B6;
				GENERATE_INFOPLIST_FILE = YES;
				MARKETING_VERSION = 1.0;
				PRODUCT_BUNDLE_IDENTIFIER = "com.punit.GraphQL-Apollo-DemoUITests";
				PRODUCT_NAME = "$(TARGET_NAME)";
				STRING_CATALOG_GENERATE_SYMBOLS = NO;
				SWIFT_APPROACHABLE_CONCURRENCY = YES;
				SWIFT_EMIT_LOC_STRINGS = NO;
				SWIFT_UPCOMING_FEATURE_MEMBER_IMPORT_VISIBILITY = YES;
				SWIFT_VERSION = 5.0;
				TARGETED_DEVICE_FAMILY = "1,2";
				TEST_TARGET_NAME = GraphQL_Apollo_Demo;
			};
			name = Release;
		};
/* End XCBuildConfiguration section */

/* Begin XCConfigurationList section */
		EE08E72630430D2D00D7001B /* Build configuration list for PBXProject "GraphQL_Apollo_Demo" */ = {
			isa = XCConfigurationList;
			buildConfigurations = (
				EE08E74C30430D2F00D7001B /* Debug */,
				EE08E74D30430D2F00D7001B /* Release */,
			);
			defaultConfigurationIsVisible = 0;
			defaultConfigurationName = Release;
		};
		EE08E74E30430D2F00D7001B /* Build configuration list for PBXNativeTarget "GraphQL_Apollo_Demo" */ = {
			isa = XCConfigurationList;
			buildConfigurations = (
				EE08E74F30430D2F00D7001B /* Debug */,
				EE08E75030430D2F00D7001B /* Release */,
			);
			defaultConfigurationIsVisible = 0;
			defaultConfigurationName = Release;
		};
		EE08E75130430D2F00D7001B /* Build configuration list for PBXNativeTarget "GraphQL_Apollo_DemoTests" */ = {
			isa = XCConfigurationList;
			buildConfigurations = (
				EE08E75230430D2F00D7001B /* Debug */,
				EE08E75330430D2F00D7001B /* Release */,
			);
			defaultConfigurationIsVisible = 0;
			defaultConfigurationName = Release;
		};
		EE08E75430430D2F00D7001B /* Build configuration list for PBXNativeTarget "GraphQL_Apollo_DemoUITests" */ = {
			isa = XCConfigurationList;
			buildConfigurations = (
				EE08E75530430D2F00D7001B /* Debug */,
				EE08E75630430D2F00D7001B /* Release */,
			);
			defaultConfigurationIsVisible = 0;
			defaultConfigurationName = Release;
		};
/* End XCConfigurationList section */

/* Begin XCRemoteSwiftPackageReference section */
		EEDCFB8B304311F000C85C9A /* XCRemoteSwiftPackageReference "apollo-ios" */ = {
			isa = XCRemoteSwiftPackageReference;
			repositoryURL = "https://github.com/apollographql/apollo-ios.git";
			requirement = {
				kind = upToNextMajorVersion;
				minimumVersion = 2.4.0;
			};
		};
/* End XCRemoteSwiftPackageReference section */

/* Begin XCSwiftPackageProductDependency section */
		EEDCFC1030433E2A00C85C9A /* Apollo */ = {
			isa = XCSwiftPackageProductDependency;
			package = EEDCFB8B304311F000C85C9A /* XCRemoteSwiftPackageReference "apollo-ios" */;
			productName = Apollo;
		};
		EEDCFC1230433E3000C85C9A /* ApolloAPI */ = {
			isa = XCSwiftPackageProductDependency;
			package = EEDCFB8B304311F000C85C9A /* XCRemoteSwiftPackageReference "apollo-ios" */;
			productName = ApolloAPI;
		};
/* End XCSwiftPackageProductDependency section */
	};
	rootObject = EE08E72330430D2D00D7001B /* Project object */;
}
